
Microsoft Visual Studio Solution File, Format Version 12.00
# Visual Studio Version 17
VisualStudioVersion = 17.9.34607.119
MinimumVisualStudioVersion = 10.0.40219.1
Project("{FAE04EC0-301F-11D3-BF4B-00C04F79EFBC}") = "Tranship", "Tranship\Tranship.csproj", "{9C930885-89F6-4ECC-BE3B-E1FBB2B3AEE2}"
EndProject
Global
	GlobalSection(SolutionConfigurationPlatforms) = preSolution
		Debug|Any CPU = Debug|Any CPU
		Release|Any CPU = Release|Any CPU
	EndGlobalSection
	GlobalSection(ProjectConfigurationPlatforms) = postSolution
		{9C930885-89F6-4ECC-BE3B-E1FBB2B3AEE2}.Debug|Any CPU.ActiveCfg = Debug|Any CPU
		{9C930885-89F6-4ECC-BE3B-E1FBB2B3AEE2}.Debug|Any CPU.Build.0 = Debug|Any CPU
		{9C930885-89F6-4ECC-BE3B-E1FBB2B3AEE2}.Release|Any CPU.ActiveCfg = Release|Any CPU
		{9C930885-89F6-4ECC-BE3B-E1FBB2B3AEE2}.Release|Any CPU.Build.0 = Release|Any CPU
	EndGlobalSection
	GlobalSection(SolutionProperties) = preSolution
		HideSolutionNode = FALSE
	EndGlobalSection
	GlobalSection(ExtensibilityGlobals) = postSolution
		SolutionGuid = {21B373D4-4BF8-4576-868D-9029FEEB8CEC}
	EndGlobalSection
EndGlobal
